
Microsoft Visual Studio Solution File, Format Version 12.00
# Visual Studio Version 17
VisualStudioVersion = 17.3.32929.385
MinimumVisualStudioVersion = 10.0.40219.1
Project("{FAE04EC0-301F-11D3-BF4B-00C04F79EFBC}") = "Spotify2OVK", "Spotify2OVK.csproj", "{AC1AA239-C4FC-45B2-80C3-DDDBC3B979EF}"
EndProject
Global
	GlobalSection(SolutionConfigurationPlatforms) = preSolution
		Debug|Any CPU = Debug|Any CPU
		Release|Any CPU = Release|Any CPU
	EndGlobalSection
	GlobalSection(ProjectConfigurationPlatforms) = postSolution
		{AC1AA239-C4FC-45B2-80C3-DDDBC3B979EF}.Debug|Any CPU.ActiveCfg = Debug|Any CPU
		{AC1AA239-C4FC-45B2-80C3-DDDBC3B979EF}.Debug|Any CPU.Build.0 = Debug|Any CPU
		{AC1AA239-C4FC-45B2-80C3-DDDBC3B979EF}.Release|Any CPU.ActiveCfg = Release|Any CPU
		{AC1AA239-C4FC-45B2-80C3-DDDBC3B979EF}.Release|Any CPU.Build.0 = Release|Any CPU
	EndGlobalSection
	GlobalSection(SolutionProperties) = preSolution
		HideSolutionNode = FALSE
	EndGlobalSection
	GlobalSection(ExtensibilityGlobals) = postSolution
		SolutionGuid = {597E168B-EF83-4DBF-9745-FF2E31C9A904}
	EndGlobalSection
EndGlobal
